
Microsoft Visual Studio Solution File, Format Version 12.00
# Visual Studio Version 17
VisualStudioVersion = 17.5.002.0
MinimumVisualStudioVersion = 10.0.40219.1
Project("{9A19103F-16F7-4668-BE54-9A1E7A4F7556}") = "VPProject", "VPProject.csproj", "{4DEFC7D6-3251-462B-AA60-47F5C095B1CF}"
EndProject
Global
	GlobalSection(SolutionConfigurationPlatforms) = preSolution
		Debug|Any CPU = Debug|Any CPU
		Release|Any CPU = Release|Any CPU
	EndGlobalSection
	GlobalSection(ProjectConfigurationPlatforms) = postSolution
		{4DEFC7D6-3251-462B-AA60-47F5C095B1CF}.Debug|Any CPU.ActiveCfg = Debug|Any CPU
		{4DEFC7D6-3251-462B-AA60-47F5C095B1CF}.Debug|Any CPU.Build.0 = Debug|Any CPU
		{4DEFC7D6-3251-462B-AA60-47F5C095B1CF}.Release|Any CPU.ActiveCfg = Release|Any CPU
		{4DEFC7D6-3251-462B-AA60-47F5C095B1CF}.Release|Any CPU.Build.0 = Release|Any CPU
	EndGlobalSection
	GlobalSection(SolutionProperties) = preSolution
		HideSolutionNode = FALSE
	EndGlobalSection
	GlobalSection(ExtensibilityGlobals) = postSolution
		SolutionGuid = {0F1F8FF9-F399-4380-A2EF-4DA0150FB73C}
	EndGlobalSection
EndGlobal
